// !$*UTF8*$!
{
	archiveVersion = 1;
	classes = {
	};
	objectVersion = 55;
	objects = {

/* Begin PBXBuildFile section */
		3663807329FCBD1C00F56A99 /* OFL.txt in Resources */ = {isa = PBXBuildFile; fileRef = 3663807129FCBD1C00F56A99 /* OFL.txt */; };
		3663807429FCBD1C00F56A99 /* TitanOne-Regular.ttf in Resources */ = {isa = PBXBuildFile; fileRef = 3663807229FCBD1C00F56A99 /* TitanOne-Regular.ttf */; };
		3687AAA02A075B8F0053760B /* SettingsViewController.swift in Sources */ = {isa = PBXBuildFile; fileRef = 3687AA9F2A075B8F0053760B /* SettingsViewController.swift */; };
		3687AAA22A075B9B0053760B /* CalendarViewController.swift in Sources */ = {isa = PBXBuildFile; fileRef = 3687AAA12A075B9B0053760B /* CalendarViewController.swift */; };
		3687AAA42A075BA80053760B /* AppointmentsViewController.swift in Sources */ = {isa = PBXBuildFile; fileRef = 3687AAA32A075BA80053760B /* AppointmentsViewController.swift */; };
		3687AAA62A07731C0053760B /* MaterialsViewController.swift in Sources */ = {isa = PBXBuildFile; fileRef = 3687AAA52A07731C0053760B /* MaterialsViewController.swift */; };
		A84049A129E5FA0700D684C2 /* AppDelegate.swift in Sources */ = {isa = PBXBuildFile; fileRef = A84049A029E5FA0700D684C2 /* AppDelegate.swift */; };
		A84049A329E5FA0700D684C2 /* SceneDelegate.swift in Sources */ = {isa = PBXBuildFile; fileRef = A84049A229E5FA0700D684C2 /* SceneDelegate.swift */; };
		A84049A529E5FA0700D684C2 /* ViewController.swift in Sources */ = {isa = PBXBuildFile; fileRef = A84049A429E5FA0700D684C2 /* ViewController.swift */; };
		A84049A829E5FA0700D684C2 /* Main.storyboard in Resources */ = {isa = PBXBuildFile; fileRef = A84049A629E5FA0700D684C2 /* Main.storyboard */; };
		A84049AA29E5FA0900D684C2 /* Assets.xcassets in Resources */ = {isa = PBXBuildFile; fileRef = A84049A929E5FA0900D684C2 /* Assets.xcassets */; };
		A84049AD29E5FA0900D684C2 /* LaunchScreen.storyboard in Resources */ = {isa = PBXBuildFile; fileRef = A84049AB29E5FA0900D684C2 /* LaunchScreen.storyboard */; };
		A84049B529E5FC2E00D684C2 /* LogInViewController.swift in Sources */ = {isa = PBXBuildFile; fileRef = A84049B429E5FC2E00D684C2 /* LogInViewController.swift */; };
		A84049B729E5FD7300D684C2 /* SignUpViewController.swift in Sources */ = {isa = PBXBuildFile; fileRef = A84049B629E5FD7300D684C2 /* SignUpViewController.swift */; };
		A84049B929E5FFB700D684C2 /* HomepageViewController.swift in Sources */ = {isa = PBXBuildFile; fileRef = A84049B829E5FFB700D684C2 /* HomepageViewController.swift */; };
		A8CB73AA29E7597400791169 /* TermsConditionsViewController.swift in Sources */ = {isa = PBXBuildFile; fileRef = A8CB73A929E7597400791169 /* TermsConditionsViewController.swift */; };
		A8CB73AC29E7599E00791169 /* NewProfileViewController.swift in Sources */ = {isa = PBXBuildFile; fileRef = A8CB73AB29E7599E00791169 /* NewProfileViewController.swift */; };
		A8CB73AE29E75AD700791169 /* CursosViewController.swift in Sources */ = {isa = PBXBuildFile; fileRef = A8CB73AD29E75AD700791169 /* CursosViewController.swift */; };
		A8CB73B029E75AE600791169 /* MantraViewController.swift in Sources */ = {isa = PBXBuildFile; fileRef = A8CB73AF29E75AE600791169 /* MantraViewController.swift */; };
/* End PBXBuildFile section */

/* Begin PBXFileReference section */
		3663807129FCBD1C00F56A99 /* OFL.txt */ = {isa = PBXFileReference; fileEncoding = 4; lastKnownFileType = text; path = OFL.txt; sourceTree = "<group>"; };
		3663807229FCBD1C00F56A99 /* TitanOne-Regular.ttf */ = {isa = PBXFileReference; lastKnownFileType = file; path = "TitanOne-Regular.ttf"; sourceTree = "<group>"; };
		3687AA9F2A075B8F0053760B /* SettingsViewController.swift */ = {isa = PBXFileReference; lastKnownFileType = sourcecode.swift; path = SettingsViewController.swift; sourceTree = "<group>"; };
		3687AAA12A075B9B0053760B /* CalendarViewController.swift */ = {isa = PBXFileReference; lastKnownFileType = sourcecode.swift; path = CalendarViewController.swift; sourceTree = "<group>"; };
		3687AAA32A075BA80053760B /* AppointmentsViewController.swift */ = {isa = PBXFileReference; lastKnownFileType = sourcecode.swift; path = AppointmentsViewController.swift; sourceTree = "<group>"; };
		3687AAA52A07731C0053760B /* MaterialsViewController.swift */ = {isa = PBXFileReference; lastKnownFileType = sourcecode.swift; path = MaterialsViewController.swift; sourceTree = "<group>"; };
		A840499D29E5FA0700D684C2 /* ItzelApp.app */ = {isa = PBXFileReference; explicitFileType = wrapper.application; includeInIndex = 0; path = ItzelApp.app; sourceTree = BUILT_PRODUCTS_DIR; };
		A84049A029E5FA0700D684C2 /* AppDelegate.swift */ = {isa = PBXFileReference; lastKnownFileType = sourcecode.swift; path = AppDelegate.swift; sourceTree = "<group>"; };
		A84049A229E5FA0700D684C2 /* SceneDelegate.swift */ = {isa = PBXFileReference; lastKnownFileType = sourcecode.swift; path = SceneDelegate.swift; sourceTree = "<group>"; };
		A84049A429E5FA0700D684C2 /* ViewController.swift */ = {isa = PBXFileReference; lastKnownFileType = sourcecode.swift; path = ViewController.swift; sourceTree = "<group>"; };
		A84049A729E5FA0700D684C2 /* Base */ = {isa = PBXFileReference; lastKnownFileType = file.storyboard; name = Base; path = Base.lproj/Main.storyboard; sourceTree = "<group>"; };
		A84049A929E5FA0900D684C2 /* Assets.xcassets */ = {isa = PBXFileReference; lastKnownFileType = folder.assetcatalog; path = Assets.xcassets; sourceTree = "<group>"; };
		A84049AC29E5FA0900D684C2 /* Base */ = {isa = PBXFileReference; lastKnownFileType = file.storyboard; name = Base; path = Base.lproj/LaunchScreen.storyboard; sourceTree = "<group>"; };
		A84049AE29E5FA0900D684C2 /* Info.plist */ = {isa = PBXFileReference; lastKnownFileType = text.plist.xml; path = Info.plist; sourceTree = "<group>"; };
		A84049B429E5FC2E00D684C2 /* LogInViewController.swift */ = {isa = PBXFileReference; lastKnownFileType = sourcecode.swift; path = LogInViewController.swift; sourceTree = "<group>"; };
		A84049B629E5FD7300D684C2 /* SignUpViewController.swift */ = {isa = PBXFileReference; lastKnownFileType = sourcecode.swift; path = SignUpViewController.swift; sourceTree = "<group>"; };
		A84049B829E5FFB700D684C2 /* HomepageViewController.swift */ = {isa = PBXFileReference; lastKnownFileType = sourcecode.swift; path = HomepageViewController.swift; sourceTree = "<group>"; };
		A8CB73A929E7597400791169 /* TermsConditionsViewController.swift */ = {isa = PBXFileReference; lastKnownFileType = sourcecode.swift; path = TermsConditionsViewController.swift; sourceTree = "<group>"; };
		A8CB73AB29E7599E00791169 /* NewProfileViewController.swift */ = {isa = PBXFileReference; lastKnownFileType = sourcecode.swift; path = NewProfileViewController.swift; sourceTree = "<group>"; };
		A8CB73AD29E75AD700791169 /* CursosViewController.swift */ = {isa = PBXFileReference; lastKnownFileType = sourcecode.swift; path = CursosViewController.swift; sourceTree = "<group>"; };
		A8CB73AF29E75AE600791169 /* MantraViewController.swift */ = {isa = PBXFileReference; lastKnownFileType = sourcecode.swift; path = MantraViewController.swift; sourceTree = "<group>"; };
/* End PBXFileReference section */

/* Begin PBXFrameworksBuildPhase section */
		A840499A29E5FA0700D684C2 /* Frameworks */ = {
			isa = PBXFrameworksBuildPhase;
			buildActionMask = 2147483647;
			files = (
			);
			runOnlyForDeploymentPostprocessing = 0;
		};
/* End PBXFrameworksBuildPhase section */

/* Begin PBXGroup section */
		3663806F29FCBD1C00F56A99 /* Fonts */ = {
			isa = PBXGroup;
			children = (
				3663807029FCBD1C00F56A99 /* Titan_One */,
			);
			path = Fonts;
			sourceTree = "<group>";
		};
		3663807029FCBD1C00F56A99 /* Titan_One */ = {
			isa = PBXGroup;
			children = (
				3663807129FCBD1C00F56A99 /* OFL.txt */,
				3663807229FCBD1C00F56A99 /* TitanOne-Regular.ttf */,
			);
			path = Titan_One;
			sourceTree = "<group>";
		};
		A840499429E5FA0700D684C2 = {
			isa = PBXGroup;
			children = (
				A840499F29E5FA0700D684C2 /* ItzelApp */,
				A840499E29E5FA0700D684C2 /* Products */,
			);
			sourceTree = "<group>";
		};
		A840499E29E5FA0700D684C2 /* Products */ = {
			isa = PBXGroup;
			children = (
				A840499D29E5FA0700D684C2 /* ItzelApp.app */,
			);
			name = Products;
			sourceTree = "<group>";
		};
		A840499F29E5FA0700D684C2 /* ItzelApp */ = {
			isa = PBXGroup;
			children = (
				A84049A029E5FA0700D684C2 /* AppDelegate.swift */,
				A84049A229E5FA0700D684C2 /* SceneDelegate.swift */,
				A84049A429E5FA0700D684C2 /* ViewController.swift */,
				A84049A629E5FA0700D684C2 /* Main.storyboard */,
				3687AAA52A07731C0053760B /* MaterialsViewController.swift */,
				3687AA9F2A075B8F0053760B /* SettingsViewController.swift */,
				3687AAA12A075B9B0053760B /* CalendarViewController.swift */,
				3687AAA32A075BA80053760B /* AppointmentsViewController.swift */,
				A8CB73AF29E75AE600791169 /* MantraViewController.swift */,
				A8CB73AD29E75AD700791169 /* CursosViewController.swift */,
				A8CB73AB29E7599E00791169 /* NewProfileViewController.swift */,
				A8CB73A929E7597400791169 /* TermsConditionsViewController.swift */,
				A84049B829E5FFB700D684C2 /* HomepageViewController.swift */,
				A84049B629E5FD7300D684C2 /* SignUpViewController.swift */,
				A84049B429E5FC2E00D684C2 /* LogInViewController.swift */,
				3663806F29FCBD1C00F56A99 /* Fonts */,
				A84049A929E5FA0900D684C2 /* Assets.xcassets */,
				A84049AB29E5FA0900D684C2 /* LaunchScreen.storyboard */,
				A84049AE29E5FA0900D684C2 /* Info.plist */,
			);
			path = ItzelApp;
			sourceTree = "<group>";
		};
/* End PBXGroup section */

/* Begin PBXNativeTarget section */
		A840499C29E5FA0700D684C2 /* ItzelApp */ = {
			isa = PBXNativeTarget;
			buildConfigurationList = A84049B129E5FA0900D684C2 /* Build configuration list for PBXNativeTarget "ItzelApp" */;
			buildPhases = (
				A840499929E5FA0700D684C2 /* Sources */,
				A840499A29E5FA0700D684C2 /* Frameworks */,
				A840499B29E5FA0700D684C2 /* Resources */,
			);
			buildRules = (
			);
			dependencies = (
			);
			name = ItzelApp;
			productName = ItzelApp;
			productReference = A840499D29E5FA0700D684C2 /* ItzelApp.app */;
			productType = "com.apple.product-type.application";
		};
/* End PBXNativeTarget section */

/* Begin PBXProject section */
		A840499529E5FA0700D684C2 /* Project object */ = {
			isa = PBXProject;
			attributes = {
				BuildIndependentTargetsInParallel = 1;
				LastSwiftUpdateCheck = 1330;
				LastUpgradeCheck = 1330;
				TargetAttributes = {
					A840499C29E5FA0700D684C2 = {
						CreatedOnToolsVersion = 13.3;
					};
				};
			};
			buildConfigurationList = A840499829E5FA0700D684C2 /* Build configuration list for PBXProject "ItzelApp" */;
			compatibilityVersion = "Xcode 13.0";
			developmentRegion = en;
			hasScannedForEncodings = 0;
			knownRegions = (
				en,
				Base,
			);
			mainGroup = A840499429E5FA0700D684C2;
			productRefGroup = A840499E29E5FA0700D684C2 /* Products */;
			projectDirPath = "";
			projectRoot = "";
			targets = (
				A840499C29E5FA0700D684C2 /* ItzelApp */,
			);
		};
/* End PBXProject section */

/* Begin PBXResourcesBuildPhase section */
		A840499B29E5FA0700D684C2 /* Resources */ = {
			isa = PBXResourcesBuildPhase;
			buildActionMask = 2147483647;
			files = (
				3663807429FCBD1C00F56A99 /* TitanOne-Regular.ttf in Resources */,
				A84049AD29E5FA0900D684C2 /* LaunchScreen.storyboard in Resources */,
				A84049AA29E5FA0900D684C2 /* Assets.xcassets in Resources */,
				3663807329FCBD1C00F56A99 /* OFL.txt in Resources */,
				A84049A829E5FA0700D684C2 /* Main.storyboard in Resources */,
			);
			runOnlyForDeploymentPostprocessing = 0;
		};
/* End PBXResourcesBuildPhase section */

/* Begin PBXSourcesBuildPhase section */
		A840499929E5FA0700D684C2 /* Sources */ = {
			isa = PBXSourcesBuildPhase;
			buildActionMask = 2147483647;
			files = (
				3687AAA22A075B9B0053760B /* CalendarViewController.swift in Sources */,
				A84049B529E5FC2E00D684C2 /* LogInViewController.swift in Sources */,
				A84049A529E5FA0700D684C2 /* ViewController.swift in Sources */,
				3687AAA62A07731C0053760B /* MaterialsViewController.swift in Sources */,
				3687AAA02A075B8F0053760B /* SettingsViewController.swift in Sources */,
				A84049B929E5FFB700D684C2 /* HomepageViewController.swift in Sources */,
				A8CB73AA29E7597400791169 /* TermsConditionsViewController.swift in Sources */,
				3687AAA42A075BA80053760B /* AppointmentsViewController.swift in Sources */,
				A84049A129E5FA0700D684C2 /* AppDelegate.swift in Sources */,
				A8CB73AE29E75AD700791169 /* CursosViewController.swift in Sources */,
				A84049A329E5FA0700D684C2 /* SceneDelegate.swift in Sources */,
				A84049B729E5FD7300D684C2 /* SignUpViewController.swift in Sources */,
				A8CB73AC29E7599E00791169 /* NewProfileViewController.swift in Sources */,
				A8CB73B029E75AE600791169 /* MantraViewController.swift in Sources */,
			);
			runOnlyForDeploymentPostprocessing = 0;
		};
/* End PBXSourcesBuildPhase section */

/* Begin PBXVariantGroup section */
		A84049A629E5FA0700D684C2 /* Main.storyboard */ = {
			isa = PBXVariantGroup;
			children = (
				A84049A729E5FA0700D684C2 /* Base */,
			);
			name = Main.storyboard;
			sourceTree = "<group>";
		};
		A84049AB29E5FA0900D684C2 /* LaunchScreen.storyboard */ = {
			isa = PBXVariantGroup;
			children = (
				A84049AC29E5FA0900D684C2 /* Base */,
			);
			name = LaunchScreen.storyboard;
			sourceTree = "<group>";
		};
/* End PBXVariantGroup section */

/* Begin XCBuildConfiguration section */
		A84049AF29E5FA0900D684C2 /* Debug */ = {
			isa = XCBuildConfiguration;
			buildSettings = {
				ALWAYS_SEARCH_USER_PATHS = NO;
				CLANG_ANALYZER_NONNULL = YES;
				CLANG_ANALYZER_NUMBER_OBJECT_CONVERSION = YES_AGGRESSIVE;
				CLANG_CXX_LANGUAGE_STANDARD = "gnu++17";
				CLANG_ENABLE_MODULES = YES;
				CLANG_ENABLE_OBJC_ARC = YES;
				CLANG_ENABLE_OBJC_WEAK = YES;
				CLANG_WARN_BLOCK_CAPTURE_AUTORELEASING = YES;
				CLANG_WARN_BOOL_CONVERSION = YES;
				CLANG_WARN_COMMA = YES;
				CLANG_WARN_CONSTANT_CONVERSION = YES;
				CLANG_WARN_DEPRECATED_OBJC_IMPLEMENTATIONS = YES;
				CLANG_WARN_DIRECT_OBJC_ISA_USAGE = YES_ERROR;
				CLANG_WARN_DOCUMENTATION_COMMENTS = YES;
				CLANG_WARN_EMPTY_BODY = YES;
				CLANG_WARN_ENUM_CONVERSION = YES;
				CLANG_WARN_INFINITE_RECURSION = YES;
				CLANG_WARN_INT_CONVERSION = YES;
				CLANG_WARN_NON_LITERAL_NULL_CONVERSION = YES;
				CLANG_WARN_OBJC_IMPLICIT_RETAIN_SELF = YES;
				CLANG_WARN_OBJC_LITERAL_CONVERSION = YES;
				CLANG_WARN_OBJC_ROOT_CLASS = YES_ERROR;
				CLANG_WARN_QUOTED_INCLUDE_IN_FRAMEWORK_HEADER = YES;
				CLANG_WARN_RANGE_LOOP_ANALYSIS = YES;
				CLANG_WARN_STRICT_PROTOTYPES = YES;
				CLANG_WARN_SUSPICIOUS_MOVE = YES;
				CLANG_WARN_UNGUARDED_AVAILABILITY = YES_AGGRESSIVE;
				CLANG_WARN_UNREACHABLE_CODE = YES;
				CLANG_WARN__DUPLICATE_METHOD_MATCH = YES;
				COPY_PHASE_STRIP = NO;
				DEBUG_INFORMATION_FORMAT = dwarf;
				ENABLE_STRICT_OBJC_MSGSEND = YES;
				ENABLE_TESTABILITY = YES;
				GCC_C_LANGUAGE_STANDARD = gnu11;
				GCC_DYNAMIC_NO_PIC = NO;
				GCC_NO_COMMON_BLOCKS = YES;
				GCC_OPTIMIZATION_LEVEL = 0;
				GCC_PREPROCESSOR_DEFINITIONS = (
					"DEBUG=1",
					"$(inherited)",
				);
				GCC_WARN_64_TO_32_BIT_CONVERSION = YES;
				GCC_WARN_ABOUT_RETURN_TYPE = YES_ERROR;
				GCC_WARN_UNDECLARED_SELECTOR = YES;
				GCC_WARN_UNINITIALIZED_AUTOS = YES_AGGRESSIVE;
				GCC_WARN_UNUSED_FUNCTION = YES;
				GCC_WARN_UNUSED_VARIABLE = YES;
				IPHONEOS_DEPLOYMENT_TARGET = 15.4;
				MTL_ENABLE_DEBUG_INFO = INCLUDE_SOURCE;
				MTL_FAST_MATH = YES;
				ONLY_ACTIVE_ARCH = YES;
				SDKROOT = iphoneos;
				SWIFT_ACTIVE_COMPILATION_CONDITIONS = DEBUG;
				SWIFT_OPTIMIZATION_LEVEL = "-Onone";
			};
			name = Debug;
		};
		A84049B029E5FA0900D684C2 /* Release */ = {
			isa = XCBuildConfiguration;
			buildSettings = {
				ALWAYS_SEARCH_USER_PATHS = NO;
				CLANG_ANALYZER_NONNULL = YES;
				CLANG_ANALYZER_NUMBER_OBJECT_CONVERSION = YES_AGGRESSIVE;
				CLANG_CXX_LANGUAGE_STANDARD = "gnu++17";
				CLANG_ENABLE_MODULES = YES;
				CLANG_ENABLE_OBJC_ARC = YES;
				CLANG_ENABLE_OBJC_WEAK = YES;
				CLANG_WARN_BLOCK_CAPTURE_AUTORELEASING = YES;
				CLANG_WARN_BOOL_CONVERSION = YES;
				CLANG_WARN_COMMA = YES;
				CLANG_WARN_CONSTANT_CONVERSION = YES;
				CLANG_WARN_DEPRECATED_OBJC_IMPLEMENTATIONS = YES;
				CLANG_WARN_DIRECT_OBJC_ISA_USAGE = YES_ERROR;
				CLANG_WARN_DOCUMENTATION_COMMENTS = YES;
				CLANG_WARN_EMPTY_BODY = YES;
				CLANG_WARN_ENUM_CONVERSION = YES;
				CLANG_WARN_INFINITE_RECURSION = YES;
				CLANG_WARN_INT_CONVERSION = YES;
				CLANG_WARN_NON_LITERAL_NULL_CONVERSION = YES;
				CLANG_WARN_OBJC_IMPLICIT_RETAIN_SELF = YES;
				CLANG_WARN_OBJC_LITERAL_CONVERSION = YES;
				CLANG_WARN_OBJC_ROOT_CLASS = YES_ERROR;
				CLANG_WARN_QUOTED_INCLUDE_IN_FRAMEWORK_HEADER = YES;
				CLANG_WARN_RANGE_LOOP_ANALYSIS = YES;
				CLANG_WARN_STRICT_PROTOTYPES = YES;
				CLANG_WARN_SUSPICIOUS_MOVE = YES;
				CLANG_WARN_UNGUARDED_AVAILABILITY = YES_AGGRESSIVE;
				CLANG_WARN_UNREACHABLE_CODE = YES;
				CLANG_WARN__DUPLICATE_METHOD_MATCH = YES;
				COPY_PHASE_STRIP = NO;
				DEBUG_INFORMATION_FORMAT = "dwarf-with-dsym";
				ENABLE_NS_ASSERTIONS = NO;
				ENABLE_STRICT_OBJC_MSGSEND = YES;
				GCC_C_LANGUAGE_STANDARD = gnu11;
				GCC_NO_COMMON_BLOCKS = YES;
				GCC_WARN_64_TO_32_BIT_CONVERSION = YES;
				GCC_WARN_ABOUT_RETURN_TYPE = YES_ERROR;
				GCC_WARN_UNDECLARED_SELECTOR = YES;
				GCC_WARN_UNINITIALIZED_AUTOS = YES_AGGRESSIVE;
				GCC_WARN_UNUSED_FUNCTION = YES;
				GCC_WARN_UNUSED_VARIABLE = YES;
				IPHONEOS_DEPLOYMENT_TARGET = 15.4;
				MTL_ENABLE_DEBUG_INFO = NO;
				MTL_FAST_MATH = YES;
				SDKROOT = iphoneos;
				SWIFT_COMPILATION_MODE = wholemodule;
				SWIFT_OPTIMIZATION_LEVEL = "-O";
				VALIDATE_PRODUCT = YES;
			};
			name = Release;
		};
		A84049B229E5FA0900D684C2 /* Debug */ = {
			isa = XCBuildConfiguration;
			buildSettings = {
				ASSETCATALOG_COMPILER_APPICON_NAME = AppIcon;
				ASSETCATALOG_COMPILER_GLOBAL_ACCENT_COLOR_NAME = AccentColor;
				CODE_SIGN_STYLE = Automatic;
				CURRENT_PROJECT_VERSION = 1;
				GENERATE_INFOPLIST_FILE = YES;
				INFOPLIST_FILE = ItzelApp/Info.plist;
				INFOPLIST_KEY_UIApplicationSupportsIndirectInputEvents = YES;
				INFOPLIST_KEY_UILaunchStoryboardName = LaunchScreen;
				INFOPLIST_KEY_UIMainStoryboardFile = Main;
				INFOPLIST_KEY_UISupportedInterfaceOrientations_iPad = "UIInterfaceOrientationPortrait UIInterfaceOrientationPortraitUpsideDown UIInterfaceOrientationLandscapeLeft UIInterfaceOrientationLandscapeRight";
				INFOPLIST_KEY_UISupportedInterfaceOrientations_iPhone = "UIInterfaceOrientationPortrait UIInterfaceOrientationLandscapeLeft UIInterfaceOrientationLandscapeRight";
				LD_RUNPATH_SEARCH_PATHS = (
					"$(inherited)",
					"@executable_path/Frameworks",
				);
				MARKETING_VERSION = 1.0;
				PRODUCT_BUNDLE_IDENTIFIER = UDLAP.ItzelApp;
				PRODUCT_NAME = "$(TARGET_NAME)";
				SWIFT_EMIT_LOC_STRINGS = YES;
				SWIFT_VERSION = 5.0;
				TARGETED_DEVICE_FAMILY = "1,2";
			};
			name = Debug;
		};
		A84049B329E5FA0900D684C2 /* Release */ = {
			isa = XCBuildConfiguration;
			buildSettings = {
				ASSETCATALOG_COMPILER_APPICON_NAME = AppIcon;
				ASSETCATALOG_COMPILER_GLOBAL_ACCENT_COLOR_NAME = AccentColor;
				CODE_SIGN_STYLE = Automatic;
				CURRENT_PROJECT_VERSION = 1;
				GENERATE_INFOPLIST_FILE = YES;
				INFOPLIST_FILE = ItzelApp/Info.plist;
				INFOPLIST_KEY_UIApplicationSupportsIndirectInputEvents = YES;
				INFOPLIST_KEY_UILaunchStoryboardName = LaunchScreen;
				INFOPLIST_KEY_UIMainStoryboardFile = Main;
				INFOPLIST_KEY_UISupportedInterfaceOrientations_iPad = "UIInterfaceOrientationPortrait UIInterfaceOrientationPortraitUpsideDown UIInterfaceOrientationLandscapeLeft UIInterfaceOrientationLandscapeRight";
				INFOPLIST_KEY_UISupportedInterfaceOrientations_iPhone = "UIInterfaceOrientationPortrait UIInterfaceOrientationLandscapeLeft UIInterfaceOrientationLandscapeRight";
				LD_RUNPATH_SEARCH_PATHS = (
					"$(inherited)",
					"@executable_path/Frameworks",
				);
				MARKETING_VERSION = 1.0;
				PRODUCT_BUNDLE_IDENTIFIER = UDLAP.ItzelApp;
				PRODUCT_NAME = "$(TARGET_NAME)";
				SWIFT_EMIT_LOC_STRINGS = YES;
				SWIFT_VERSION = 5.0;
				TARGETED_DEVICE_FAMILY = "1,2";
			};
			name = Release;
		};
/* End XCBuildConfiguration section */

/* Begin XCConfigurationList section */
		A840499829E5FA0700D684C2 /* Build configuration list for PBXProject "ItzelApp" */ = {
			isa = XCConfigurationList;
			buildConfigurations = (
				A84049AF29E5FA0900D684C2 /* Debug */,
				A84049B029E5FA0900D684C2 /* Release */,
			);
			defaultConfigurationIsVisible = 0;
			defaultConfigurationName = Release;
		};
		A84049B129E5FA0900D684C2 /* Build configuration list for PBXNativeTarget "ItzelApp" */ = {
			isa = XCConfigurationList;
			buildConfigurations = (
				A84049B229E5FA0900D684C2 /* Debug */,
				A84049B329E5FA0900D684C2 /* Release */,
			);
			defaultConfigurationIsVisible = 0;
			defaultConfigurationName = Release;
		};
/* End XCConfigurationList section */
	};
	rootObject = A840499529E5FA0700D684C2 /* Project object */;
}
